
Microsoft Visual Studio Solution File, Format Version 12.00
# Visual Studio Version 16
VisualStudioVersion = 16.0.32901.82
MinimumVisualStudioVersion = 10.0.40219.1
Project("{FAE04EC0-301F-11D3-BF4B-00C04F79EFBC}") = "FamiliyaTours", "FamiliyaTours.csproj", "{39635E8D-DB15-4AFC-A143-040928E8E382}"
EndProject
Global
	GlobalSection(SolutionConfigurationPlatforms) = preSolution
		Debug|Any CPU = Debug|Any CPU
		Release|Any CPU = Release|Any CPU
	EndGlobalSection
	GlobalSection(ProjectConfigurationPlatforms) = postSolution
		{39635E8D-DB15-4AFC-A143-040928E8E382}.Debug|Any CPU.ActiveCfg = Debug|Any CPU
		{39635E8D-DB15-4AFC-A143-040928E8E382}.Debug|Any CPU.Build.0 = Debug|Any CPU
		{39635E8D-DB15-4AFC-A143-040928E8E382}.Release|Any CPU.ActiveCfg = Release|Any CPU
		{39635E8D-DB15-4AFC-A143-040928E8E382}.Release|Any CPU.Build.0 = Release|Any CPU
	EndGlobalSection
	GlobalSection(SolutionProperties) = preSolution
		HideSolutionNode = FALSE
	EndGlobalSection
	GlobalSection(ExtensibilityGlobals) = postSolution
		SolutionGuid = {42F1E121-9E73-4BDC-B2EA-D109D7FDB769}
	EndGlobalSection
EndGlobal
